<?xml version="1.0" encoding="utf-8"?>
<Project ToolsVersion="4.0" xmlns="http://schemas.microsoft.com/developer/msbuild/2003">
  <ItemGroup>
    <Filter Include="Core">
      <UniqueIdentifier>{2EB4837C-1AEB-840D-C3D7-6A10AFED000F}</UniqueIdentifier>
    </Filter>
    <Filter Include="Core\ECS">
      <UniqueIdentifier>{780F99C2-64DC-F3CD-8DF5-E1757921295C}</UniqueIdentifier>
    </Filter>
    <Filter Include="Core\IO">
      <UniqueIdentifier>{153F7134-811E-F0CF-8A36-7BA6F6945631}</UniqueIdentifier>
    </Filter>
    <Filter Include="Core\Logic">
      <UniqueIdentifier>{ABFCB1CD-97B4-F31A-00BC-CC76EC928E0B}</UniqueIdentifier>
    </Filter>
    <Filter Include="Core\Logic\Scenes">
      <UniqueIdentifier>{7BBFDDE4-E7D5-DB7A-304D-679C9CA2AC02}</UniqueIdentifier>
    </Filter>
    <Filter Include="Core\Model">
      <UniqueIdentifier>{EE07C4CD-DABF-051B-43C7-DE762F9EA00B}</UniqueIdentifier>
    </Filter>
    <Filter Include="Core\Model\Shapes">
      <UniqueIdentifier>{E1726886-4D89-661C-9600-F23D025637A4}</UniqueIdentifier>
    </Filter>
    <Filter Include="Core\Rendering">
      <UniqueIdentifier>{FB0E51AA-E7DC-44B0-D070-B5D6BCDD2015}</UniqueIdentifier>
    </Filter>
    <Filter Include="Core\Rendering\DirectX">
      <UniqueIdentifier>{BDBC453F-A9B6-6E91-9223-05A27EBCD4FD}</UniqueIdentifier>
    </Filter>
    <Filter Include="Core\Rendering\General">
      <UniqueIdentifier>{E8AB971C-D4A5-C06E-BD12-577FA9AB26DB}</UniqueIdentifier>
    </Filter>
    <Filter Include="Core\Utils">
      <UniqueIdentifier>{0EA057CE-FA57-991B-635F-72774F36340C}</UniqueIdentifier>
    </Filter>
    <Filter Include="Core\Utils\Cameras">
      <UniqueIdentifier>{F9F18BCA-E5D5-4C20-4E36-47733A3937A2}</UniqueIdentifier>
    </Filter>
  </ItemGroup>
  <ItemGroup>
    <ClInclude Include="src\Core\IO\Input.h">
      <Filter>Core\IO</Filter>
    </ClInclude>
    <ClInclude Include="src\Core\IO\KeyInputs.h">
      <Filter>Core\IO</Filter>
    </ClInclude>
    <ClInclude Include="src\Core\Logic\SceneHandler.h">
      <Filter>Core\Logic</Filter>
    </ClInclude>
    <ClInclude Include="src\Core\Logic\Scenes\MainScene.h">
      <Filter>Core\Logic\Scenes</Filter>
    </ClInclude>
    <ClInclude Include="src\Core\Logic\Scenes\Scene.h">
      <Filter>Core\Logic\Scenes</Filter>
    </ClInclude>
    <ClInclude Include="src\Core\Model\Material.h">
      <Filter>Core\Model</Filter>
    </ClInclude>
    <ClInclude Include="src\Core\Model\Mesh.h">
      <Filter>Core\Model</Filter>
    </ClInclude>
    <ClInclude Include="src\Core\Model\MeshInstance.h">
      <Filter>Core\Model</Filter>
    </ClInclude>
    <ClInclude Include="src\Core\Model\Model.h">
      <Filter>Core\Model</Filter>
    </ClInclude>
    <ClInclude Include="src\Core\Model\ModelHandler.h">
      <Filter>Core\Model</Filter>
    </ClInclude>
    <ClInclude Include="src\Core\Rendering\DirectX\DXBuffer.h">
      <Filter>Core\Rendering\DirectX</Filter>
    </ClInclude>
    <ClInclude Include="src\Core\Rendering\DirectX\DXCubemap.h">
      <Filter>Core\Rendering\DirectX</Filter>
    </ClInclude>
    <ClInclude Include="src\Core\Rendering\DirectX\DXDeferred.h">
      <Filter>Core\Rendering\DirectX</Filter>
    </ClInclude>
    <ClInclude Include="src\Core\Rendering\DirectX\DXDeviceInstance.h">
      <Filter>Core\Rendering\DirectX</Filter>
    </ClInclude>
    <ClInclude Include="src\Core\Rendering\DirectX\DXMaterial.h">
      <Filter>Core\Rendering\DirectX</Filter>
    </ClInclude>
    <ClInclude Include="src\Core\Rendering\DirectX\DXMesh.h">
      <Filter>Core\Rendering\DirectX</Filter>
    </ClInclude>
    <ClInclude Include="src\Core\Rendering\DirectX\DXRenderer.h">
      <Filter>Core\Rendering\DirectX</Filter>
    </ClInclude>
    <ClInclude Include="src\Core\Rendering\DirectX\DXSampler.h">
      <Filter>Core\Rendering\DirectX</Filter>
    </ClInclude>
    <ClInclude Include="src\Core\Rendering\DirectX\DXShader.h">
      <Filter>Core\Rendering\DirectX</Filter>
    </ClInclude>
    <ClInclude Include="src\Core\Rendering\DirectX\DXTexture.h">
      <Filter>Core\Rendering\DirectX</Filter>
    </ClInclude>
    <ClInclude Include="src\Core\Rendering\General\Buffer.h">
      <Filter>Core\Rendering\General</Filter>
    </ClInclude>
    <ClInclude Include="src\Core\Rendering\General\Renderer.h">
      <Filter>Core\Rendering\General</Filter>
    </ClInclude>
    <ClInclude Include="src\Core\Utils\Cameras\Camera.h">
      <Filter>Core\Utils\Cameras</Filter>
    </ClInclude>
    <ClInclude Include="src\pch.h" />
    <ClInclude Include="src\Core\ECS\ECSTypes.h" />
    <ClInclude Include="src\Core\ECS\EntityManager.h" />
    <ClInclude Include="src\Core\ECS\ComponentArray.h" />
    <ClInclude Include="src\Core\ECS\ComponentManager.h" />
    <ClInclude Include="src\Core\ECS\SystemManager.h" />
    <ClInclude Include="src\Core\ECS\System.h" />
    <ClInclude Include="src\Core\ECS\EntityComponentSystem.h" />
    <ClInclude Include="src\Core\Math\Vec4.h" />
    <ClInclude Include="src\Core\Math\AnkMath.h" />
    <ClInclude Include="src\Core\Math\Vec3.h" />
    <ClInclude Include="src\Core\Math\Vec2.h" />
    <ClInclude Include="src\Core\ECS\Systems\RenderSystem.h" />
    <ClInclude Include="src\Core\Model\ModelTypes.h" />
    <ClInclude Include="src\Core\ECS\Systems\HoverSystem.h" />
    <ClInclude Include="src\Core\ECS\Systems\PhysicsSystem.h" />
    <ClInclude Include="src\Core\Model\MaterialProperties.h" />
    <ClInclude Include="src\Core\ECS\Components\Drawable.h" />
    <ClInclude Include="src\Core\ECS\Components\Gravity.h" />
    <ClInclude Include="src\Core\ECS\Components\RigidBody.h" />
    <ClInclude Include="src\Core\ECS\Components\Transform.h" />
  </ItemGroup>
  <ItemGroup>
    <ClCompile Include="src\Core\IO\Input.cpp">
      <Filter>Core\IO</Filter>
    </ClCompile>
    <ClCompile Include="src\Core\Logic\SceneHandler.cpp">
      <Filter>Core\Logic</Filter>
    </ClCompile>
    <ClCompile Include="src\Core\Logic\Scenes\MainScene.cpp">
      <Filter>Core\Logic\Scenes</Filter>
    </ClCompile>
    <ClCompile Include="src\Core\Logic\Scenes\Scene.cpp">
      <Filter>Core\Logic\Scenes</Filter>
    </ClCompile>
    <ClCompile Include="src\Core\Model\Material.cpp">
      <Filter>Core\Model</Filter>
    </ClCompile>
    <ClCompile Include="src\Core\Model\Mesh.cpp">
      <Filter>Core\Model</Filter>
    </ClCompile>
    <ClCompile Include="src\Core\Model\Model.cpp">
      <Filter>Core\Model</Filter>
    </ClCompile>
    <ClCompile Include="src\Core\Model\ModelHandler.cpp">
      <Filter>Core\Model</Filter>
    </ClCompile>
    <ClCompile Include="src\Core\Rendering\DirectX\DXBuffer.cpp">
      <Filter>Core\Rendering\DirectX</Filter>
    </ClCompile>
    <ClCompile Include="src\Core\Rendering\DirectX\DXCubemap.cpp">
      <Filter>Core\Rendering\DirectX</Filter>
    </ClCompile>
    <ClCompile Include="src\Core\Rendering\DirectX\DXDeferred.cpp">
      <Filter>Core\Rendering\DirectX</Filter>
    </ClCompile>
    <ClCompile Include="src\Core\Rendering\DirectX\DXDeviceInstance.cpp">
      <Filter>Core\Rendering\DirectX</Filter>
    </ClCompile>
    <ClCompile Include="src\Core\Rendering\DirectX\DXMaterial.cpp">
      <Filter>Core\Rendering\DirectX</Filter>
    </ClCompile>
    <ClCompile Include="src\Core\Rendering\DirectX\DXMesh.cpp">
      <Filter>Core\Rendering\DirectX</Filter>
    </ClCompile>
    <ClCompile Include="src\Core\Rendering\DirectX\DXRenderer.cpp">
      <Filter>Core\Rendering\DirectX</Filter>
    </ClCompile>
    <ClCompile Include="src\Core\Rendering\DirectX\DXSampler.cpp">
      <Filter>Core\Rendering\DirectX</Filter>
    </ClCompile>
    <ClCompile Include="src\Core\Rendering\DirectX\DXShader.cpp">
      <Filter>Core\Rendering\DirectX</Filter>
    </ClCompile>
    <ClCompile Include="src\Core\Rendering\DirectX\DXTexture.cpp">
      <Filter>Core\Rendering\DirectX</Filter>
    </ClCompile>
    <ClCompile Include="src\Core\Rendering\General\Buffer.cpp">
      <Filter>Core\Rendering\General</Filter>
    </ClCompile>
    <ClCompile Include="src\Core\Rendering\General\Renderer.cpp">
      <Filter>Core\Rendering\General</Filter>
    </ClCompile>
    <ClCompile Include="src\Core\Utils\Cameras\Camera.cpp">
      <Filter>Core\Utils\Cameras</Filter>
    </ClCompile>
    <ClCompile Include="src\pch.cpp" />
    <ClCompile Include="src\Core\ECS\EntityManager.cpp" />
    <ClCompile Include="src\Core\ECS\Systems\RenderSystem.cpp" />
    <ClCompile Include="src\Core\ECS\Systems\HoverSystem.cpp" />
    <ClCompile Include="src\Core\ECS\Systems\PhysicsSystem.cpp" />
  </ItemGroup>
</Project>